
Microsoft Visual Studio Solution File, Format Version 12.00
# Visual Studio 2015
Project("{FAE04EC0-301F-11D3-BF4B-00C04F79EFBC}") = "LowPolyTBS.CSharp.Plugins", "LowPolyTBS.CSharp.Plugins.csproj", "{690EBAFC-61C6-04EF-B5DD-7FC6F338701F}"
EndProject
Project("{FAE04EC0-301F-11D3-BF4B-00C04F79EFBC}") = "LowPolyTBS.CSharp", "LowPolyTBS.CSharp.csproj", "{D425BD70-A6A4-D63A-4E88-A603B8D98176}"
EndProject
Global
	GlobalSection(SolutionConfigurationPlatforms) = preSolution
		Debug|Any CPU = Debug|Any CPU
		Release|Any CPU = Release|Any CPU
	EndGlobalSection
	GlobalSection(ProjectConfigurationPlatforms) = postSolution
		{690EBAFC-61C6-04EF-B5DD-7FC6F338701F}.Debug|Any CPU.ActiveCfg = Debug|Any CPU
		{690EBAFC-61C6-04EF-B5DD-7FC6F338701F}.Debug|Any CPU.Build.0 = Debug|Any CPU
		{690EBAFC-61C6-04EF-B5DD-7FC6F338701F}.Release|Any CPU.ActiveCfg = Release|Any CPU
		{690EBAFC-61C6-04EF-B5DD-7FC6F338701F}.Release|Any CPU.Build.0 = Release|Any CPU
		{D425BD70-A6A4-D63A-4E88-A603B8D98176}.Debug|Any CPU.ActiveCfg = Debug|Any CPU
		{D425BD70-A6A4-D63A-4E88-A603B8D98176}.Debug|Any CPU.Build.0 = Debug|Any CPU
		{D425BD70-A6A4-D63A-4E88-A603B8D98176}.Release|Any CPU.ActiveCfg = Release|Any CPU
		{D425BD70-A6A4-D63A-4E88-A603B8D98176}.Release|Any CPU.Build.0 = Release|Any CPU
	EndGlobalSection
	GlobalSection(SolutionProperties) = preSolution
		HideSolutionNode = FALSE
	EndGlobalSection
EndGlobal
